
Microsoft Visual Studio Solution File, Format Version 12.00
# Visual Studio Version 17
VisualStudioVersion = 17.4.33020.496
MinimumVisualStudioVersion = 10.0.40219.1
Project("{FAE04EC0-301F-11D3-BF4B-00C04F79EFBC}") = "NiTiSMaid", "NiTiSMaid\NiTiSMaid.csproj", "{B5BAFF9F-6C74-45FE-A7A6-03D9A6239AFB}"
EndProject
Project("{FAE04EC0-301F-11D3-BF4B-00C04F79EFBC}") = "BotExecute", "BotExecute\BotExecute.csproj", "{72FC542A-C380-4DB5-A957-20CAE1A89F79}"
EndProject
Global
	GlobalSection(SolutionConfigurationPlatforms) = preSolution
		Debug|Any CPU = Debug|Any CPU
		Release|Any CPU = Release|Any CPU
	EndGlobalSection
	GlobalSection(ProjectConfigurationPlatforms) = postSolution
		{B5BAFF9F-6C74-45FE-A7A6-03D9A6239AFB}.Debug|Any CPU.ActiveCfg = Debug|Any CPU
		{B5BAFF9F-6C74-45FE-A7A6-03D9A6239AFB}.Debug|Any CPU.Build.0 = Debug|Any CPU
		{B5BAFF9F-6C74-45FE-A7A6-03D9A6239AFB}.Release|Any CPU.ActiveCfg = Release|Any CPU
		{B5BAFF9F-6C74-45FE-A7A6-03D9A6239AFB}.Release|Any CPU.Build.0 = Release|Any CPU
		{72FC542A-C380-4DB5-A957-20CAE1A89F79}.Debug|Any CPU.ActiveCfg = Debug|Any CPU
		{72FC542A-C380-4DB5-A957-20CAE1A89F79}.Debug|Any CPU.Build.0 = Debug|Any CPU
		{72FC542A-C380-4DB5-A957-20CAE1A89F79}.Release|Any CPU.ActiveCfg = Release|Any CPU
		{72FC542A-C380-4DB5-A957-20CAE1A89F79}.Release|Any CPU.Build.0 = Release|Any CPU
	EndGlobalSection
	GlobalSection(SolutionProperties) = preSolution
		HideSolutionNode = FALSE
	EndGlobalSection
	GlobalSection(ExtensibilityGlobals) = postSolution
		SolutionGuid = {C08C3F15-AD25-4C58-BFB2-4289216F7D5B}
	EndGlobalSection
EndGlobal
